
Microsoft Visual Studio Solution File, Format Version 12.00
# Visual Studio Version 17
VisualStudioVersion = 17.8.34511.84
MinimumVisualStudioVersion = 10.0.40219.1
Project("{9A19103F-16F7-4668-BE54-9A1E7A4F7556}") = "RazorPagesLibraryProject", "RazorPagesLibraryProject\RazorPagesLibraryProject.csproj", "{DDC06120-A724-44AF-BDEA-84FBC2AB2779}"
EndProject
Global
	GlobalSection(SolutionConfigurationPlatforms) = preSolution
		Debug|Any CPU = Debug|Any CPU
		Release|Any CPU = Release|Any CPU
	EndGlobalSection
	GlobalSection(ProjectConfigurationPlatforms) = postSolution
		{DDC06120-A724-44AF-BDEA-84FBC2AB2779}.Debug|Any CPU.ActiveCfg = Debug|Any CPU
		{DDC06120-A724-44AF-BDEA-84FBC2AB2779}.Debug|Any CPU.Build.0 = Debug|Any CPU
		{DDC06120-A724-44AF-BDEA-84FBC2AB2779}.Release|Any CPU.ActiveCfg = Release|Any CPU
		{DDC06120-A724-44AF-BDEA-84FBC2AB2779}.Release|Any CPU.Build.0 = Release|Any CPU
	EndGlobalSection
	GlobalSection(SolutionProperties) = preSolution
		HideSolutionNode = FALSE
	EndGlobalSection
	GlobalSection(ExtensibilityGlobals) = postSolution
		SolutionGuid = {9B537900-3D63-4A15-98E6-8DE3E16EF9BA}
	EndGlobalSection
EndGlobal
